
Microsoft Visual Studio Solution File, Format Version 12.00
# Visual Studio 2012
Project("{FAE04EC0-301F-11D3-BF4B-00C04F79EFBC}") = "MonitoringTests", "MonitoringTests\MonitoringTests.csproj", "{16B8B903-9D09-43E2-A882-23ABB8345656}"
EndProject
Global
	GlobalSection(SolutionConfigurationPlatforms) = preSolution
		Debug|Any CPU = Debug|Any CPU
		Release|Any CPU = Release|Any CPU
	EndGlobalSection
	GlobalSection(ProjectConfigurationPlatforms) = postSolution
		{16B8B903-9D09-43E2-A882-23ABB8345656}.Debug|Any CPU.ActiveCfg = Debug|Any CPU
		{16B8B903-9D09-43E2-A882-23ABB8345656}.Debug|Any CPU.Build.0 = Debug|Any CPU
		{16B8B903-9D09-43E2-A882-23ABB8345656}.Release|Any CPU.ActiveCfg = Release|Any CPU
		{16B8B903-9D09-43E2-A882-23ABB8345656}.Release|Any CPU.Build.0 = Release|Any CPU
	EndGlobalSection
	GlobalSection(SolutionProperties) = preSolution
		HideSolutionNode = FALSE
	EndGlobalSection
EndGlobal
